<?xml version="1.0" encoding="utf-8"?>
<Project ToolsVersion="4.0" xmlns="http://schemas.microsoft.com/developer/msbuild/2003">
  <ItemGroup>
    <Filter Include="Source Files">
      <UniqueIdentifier>{820fa767-5c35-4406-9709-4c387ce6f8dd}</UniqueIdentifier>
      <Extensions>cpp;c;cxx;rc;def;r;odl;idl;hpj;bat</Extensions>
    </Filter>
    <Filter Include="Header Files">
      <UniqueIdentifier>{824b1697-5dc2-4094-9440-6aea0ef220b2}</UniqueIdentifier>
      <Extensions>h;hpp;hxx;hm;inl</Extensions>
    </Filter>
    <Filter Include="Resource Files">
      <UniqueIdentifier>{8b1eb335-6406-498c-baf8-9bbcd0afd74e}</UniqueIdentifier>
      <Extensions>ico;cur;bmp;dlg;rc2;rct;bin;rgs;gif;jpg;jpeg;jpe</Extensions>
    </Filter>
    <Filter Include="Libraries">
      <UniqueIdentifier>{faa99243-9452-4b2a-ace9-6b0c431b1dd2}</UniqueIdentifier>
      <Extensions>*.lib</Extensions>
    </Filter>
  </ItemGroup>
  <ItemGroup>
    <ClCompile Include="AD9852.cpp">
      <Filter>Source Files</Filter>
    </ClCompile>
    <ClCompile Include="AD9858.cpp">
      <Filter>Source Files</Filter>
    </ClCompile>
    <ClCompile Include="ADF4351.cpp">
      <Filter>Source Files</Filter>
    </ClCompile>
    <ClCompile Include="Agilent33250A.cpp">
      <Filter>Source Files</Filter>
    </ClCompile>
    <ClCompile Include="Agilent33250ASerial.cpp">
      <Filter>Source Files</Filter>
    </ClCompile>
    <ClCompile Include="AnaIn.cpp">
      <Filter>Source Files</Filter>
    </ClCompile>
    <ClCompile Include="AnalogOut.cpp">
      <Filter>Source Files</Filter>
    </ClCompile>
    <ClCompile Include="AnaOut.cpp">
      <Filter>Source Files</Filter>
    </ClCompile>
    <ClCompile Include="BlackmanPulse.cpp">
      <Filter>Source Files</Filter>
    </ClCompile>
    <ClCompile Include="burleighWA1000.cpp">
      <Filter>Source Files</Filter>
    </ClCompile>
    <ClCompile Include="Calibration.cpp">
      <Filter>Source Files</Filter>
    </ClCompile>
    <ClCompile Include="ChannelReservationList.cpp">
      <Filter>Source Files</Filter>
    </ClCompile>
    <ClCompile Include="ChannelReservationListPoint.cpp">
      <Filter>Source Files</Filter>
    </ClCompile>
    <ClCompile Include="ClientSocketUser.cpp">
      <Filter>Source Files</Filter>
    </ClCompile>
    <ClCompile Include="clntsock.cpp">
      <Filter>Source Files</Filter>
    </ClCompile>
    <ClCompile Include="color.cpp">
      <Filter>Source Files</Filter>
    </ClCompile>
    <ClCompile Include="ColorControl.cpp">
      <Filter>Source Files</Filter>
    </ClCompile>
    <ClCompile Include="ConsecutiveCalibration.cpp">
      <Filter>Source Files</Filter>
    </ClCompile>
    <ClCompile Include="Control.cpp">
      <Filter>Source Files</Filter>
    </ClCompile>
    <ClCompile Include="CosineSquareRamp.cpp">
      <Filter>Source Files</Filter>
    </ClCompile>
    <ClCompile Include="DDSCalibration.cpp">
      <Filter>Source Files</Filter>
    </ClCompile>
    <ClCompile Include="DelayedWaveform.cpp">
      <Filter>Source Files</Filter>
    </ClCompile>
    <ClCompile Include="DialogElement.cpp">
      <Filter>Source Files</Filter>
    </ClCompile>
    <ClCompile Include="DigIn.cpp">
      <Filter>Source Files</Filter>
    </ClCompile>
    <ClCompile Include="DigitalOut.cpp">
      <Filter>Source Files</Filter>
    </ClCompile>
    <ClCompile Include="DigOut.cpp">
      <Filter>Source Files</Filter>
    </ClCompile>
    <ClCompile Include="DoublePoint.cpp">
      <Filter>Source Files</Filter>
    </ClCompile>
    <ClCompile Include="EasyDialog.cpp">
      <Filter>Source Files</Filter>
    </ClCompile>
    <ClCompile Include="EIP548A.cpp">
      <Filter>Source Files</Filter>
    </ClCompile>
    <ClCompile Include="ElementAnalogOut.cpp">
      <Filter>Source Files</Filter>
    </ClCompile>
    <ClCompile Include="ElementBool.cpp">
      <Filter>Source Files</Filter>
    </ClCompile>
    <ClCompile Include="ElementButton.cpp">
      <Filter>Source Files</Filter>
    </ClCompile>
    <ClCompile Include="ElementDigitalOut.cpp">
      <Filter>Source Files</Filter>
    </ClCompile>
    <ClCompile Include="ElementDouble.cpp">
      <Filter>Source Files</Filter>
    </ClCompile>
    <ClCompile Include="ElementGroupBox.cpp">
      <Filter>Source Files</Filter>
    </ClCompile>
    <ClCompile Include="ElementInt.cpp">
      <Filter>Source Files</Filter>
    </ClCompile>
    <ClCompile Include="ElementStatic.cpp">
      <Filter>Source Files</Filter>
    </ClCompile>
    <ClCompile Include="ElementString.cpp">
      <Filter>Source Files</Filter>
    </ClCompile>
    <ClCompile Include="ElementStringComboBox.cpp">
      <Filter>Source Files</Filter>
    </ClCompile>
    <ClCompile Include="EvaporationSweep.cpp">
      <Filter>Source Files</Filter>
    </ClCompile>
    <ClCompile Include="ExecuteMeasurementDlg.cpp">
      <Filter>Source Files</Filter>
    </ClCompile>
    <ClCompile Include="ExecuteMeasurementDlgContainer.cpp">
      <Filter>Source Files</Filter>
    </ClCompile>
    <ClCompile Include="ExpRamp.cpp">
      <Filter>Source Files</Filter>
    </ClCompile>
    <ClCompile Include="FiberLaser.cpp">
      <Filter>Source Files</Filter>
    </ClCompile>
    <ClCompile Include="FlatToolTipCtrl.cpp">
      <Filter>Source Files</Filter>
    </ClCompile>
    <ClCompile Include="FluoLoadingDialog.cpp">
      <Filter>Source Files</Filter>
    </ClCompile>
    <ClCompile Include="GPIB.cpp">
      <Filter>Source Files</Filter>
    </ClCompile>
    <ClCompile Include="GPIBDevice.cpp">
      <Filter>Source Files</Filter>
    </ClCompile>
    <ClCompile Include="Grid2DWaveform.cpp">
      <Filter>Source Files</Filter>
    </ClCompile>
    <ClCompile Include="HP5334A.cpp">
      <Filter>Source Files</Filter>
    </ClCompile>
    <ClCompile Include="IO.cpp">
      <Filter>Source Files</Filter>
    </ClCompile>
    <ClCompile Include="IOList.cpp">
      <Filter>Source Files</Filter>
    </ClCompile>
    <ClCompile Include="IORegister.cpp">
      <Filter>Source Files</Filter>
    </ClCompile>
    <ClCompile Include="IPGLaser.cpp">
      <Filter>Source Files</Filter>
    </ClCompile>
    <ClCompile Include="Keithley2000.cpp">
      <Filter>Source Files</Filter>
    </ClCompile>
    <ClCompile Include="Linear.cpp">
      <Filter>Source Files</Filter>
    </ClCompile>
    <ClCompile Include="lstnsock.cpp">
      <Filter>Source Files</Filter>
    </ClCompile>
    <ClCompile Include="MainDialog.cpp">
      <Filter>Source Files</Filter>
    </ClCompile>
    <ClCompile Include="Measurement.cpp">
      <Filter>Source Files</Filter>
    </ClCompile>
    <ClCompile Include="MeasurementList.cpp">
      <Filter>Source Files</Filter>
    </ClCompile>
    <ClCompile Include="MeasurementPoint.cpp">
      <Filter>Source Files</Filter>
    </ClCompile>
    <ClCompile Include="MeasurementQueue.cpp">
      <Filter>Source Files</Filter>
    </ClCompile>
    <ClCompile Include="MenuButton.cpp">
      <Filter>Source Files</Filter>
    </ClCompile>
    <ClCompile Include="MenuGroupBox.cpp">
      <Filter>Source Files</Filter>
    </ClCompile>
    <ClCompile Include="MenuObList.cpp">
      <Filter>Source Files</Filter>
    </ClCompile>
    <ClCompile Include="MenuObListElement.cpp">
      <Filter>Source Files</Filter>
    </ClCompile>
    <ClCompile Include="MenuStatic.cpp">
      <Filter>Source Files</Filter>
    </ClCompile>
    <ClCompile Include="MenuTitle.cpp">
      <Filter>Source Files</Filter>
    </ClCompile>
    <ClCompile Include="MessageReceiver.cpp">
      <Filter>Source Files</Filter>
    </ClCompile>
    <ClCompile Include="MultiIO.cpp">
      <Filter>Source Files</Filter>
    </ClCompile>
    <ClCompile Include="MultiWriteDevice.cpp">
      <Filter>Source Files</Filter>
    </ClCompile>
    <ClCompile Include="NetIO.cpp">
      <Filter>Source Files</Filter>
    </ClCompile>
    <ClCompile Include="Network.cpp">
      <Filter>Source Files</Filter>
    </ClCompile>
    <ClCompile Include="NetworkClient.cpp">
      <Filter>Source Files</Filter>
    </ClCompile>
    <ClCompile Include="NetworkServer.cpp">
      <Filter>Source Files</Filter>
    </ClCompile>
    <ClCompile Include="NI6024E.cpp">
      <Filter>Source Files</Filter>
    </ClCompile>
    <ClCompile Include="NI653x.cpp">
      <Filter>Source Files</Filter>
    </ClCompile>
    <ClCompile Include="NI67x3.cpp">
      <Filter>Source Files</Filter>
    </ClCompile>
    <ClCompile Include="OmegaiSeries.cpp">
      <Filter>Source Files</Filter>
    </ClCompile>
    <ClCompile Include="Output.cpp">
      <Filter>Source Files</Filter>
    </ClCompile>
    <ClCompile Include="OvenControl.cpp">
      <Filter>Source Files</Filter>
    </ClCompile>
    <ClCompile Include="ParabolicRamp.cpp">
      <Filter>Source Files</Filter>
    </ClCompile>
    <ClCompile Include="ParallelPort.cpp">
      <Filter>Source Files</Filter>
    </ClCompile>
    <ClCompile Include="Param.cpp">
      <Filter>Source Files</Filter>
    </ClCompile>
    <ClCompile Include="ParamBool.cpp">
      <Filter>Source Files</Filter>
    </ClCompile>
    <ClCompile Include="ParamDouble.cpp">
      <Filter>Source Files</Filter>
    </ClCompile>
    <ClCompile Include="ParameterDialog.cpp">
      <Filter>Source Files</Filter>
    </ClCompile>
    <ClCompile Include="ParamInt.cpp">
      <Filter>Source Files</Filter>
    </ClCompile>
    <ClCompile Include="ParamList.cpp">
      <Filter>Source Files</Filter>
    </ClCompile>
    <ClCompile Include="ParamRegister.cpp">
      <Filter>Source Files</Filter>
    </ClCompile>
    <ClCompile Include="ParamString.cpp">
      <Filter>Source Files</Filter>
    </ClCompile>
    <ClCompile Include="ParamStringComboBox.cpp">
      <Filter>Source Files</Filter>
    </ClCompile>
    <ClCompile Include="Polynom.cpp">
      <Filter>Source Files</Filter>
    </ClCompile>
    <ClCompile Include="Pulse.cpp">
      <Filter>Source Files</Filter>
    </ClCompile>
    <ClCompile Include="Ramp.cpp">
      <Filter>Source Files</Filter>
    </ClCompile>
    <ClCompile Include="RampdBLinear.cpp">
      <Filter>Source Files</Filter>
    </ClCompile>
    <ClCompile Include="RangeCheck.cpp">
      <Filter>Source Files</Filter>
    </ClCompile>
    <ClCompile Include="Rectangle.cpp">
      <Filter>Source Files</Filter>
    </ClCompile>
    <ClCompile Include="RemoteControl.cpp">
      <Filter>Source Files</Filter>
    </ClCompile>
    <ClCompile Include="RSSML0x.cpp">
      <Filter>Source Files</Filter>
    </ClCompile>
    <ClCompile Include="RunProgressDlg.cpp">
      <Filter>Source Files</Filter>
    </ClCompile>
    <ClCompile Include="Sequence.cpp">
      <Filter>Source Files</Filter>
    </ClCompile>
    <ClCompile Include="SequenceLib.cpp">
      <Filter>Source Files</Filter>
    </ClCompile>
    <ClCompile Include="SequenceList.cpp">
      <Filter>Source Files</Filter>
    </ClCompile>
    <ClCompile Include="SequenceListAnalogOut.cpp">
      <Filter>Source Files</Filter>
    </ClCompile>
    <ClCompile Include="SequenceListComment.cpp">
      <Filter>Source Files</Filter>
    </ClCompile>
    <ClCompile Include="SequenceListDigitalOut.cpp">
      <Filter>Source Files</Filter>
    </ClCompile>
    <ClCompile Include="SequenceListMultiWriteDeviceValue.cpp">
      <Filter>Source Files</Filter>
    </ClCompile>
    <ClCompile Include="SequenceListPoint.cpp">
      <Filter>Source Files</Filter>
    </ClCompile>
    <ClCompile Include="SequenceListRemoveWaveformGroup.cpp">
      <Filter>Source Files</Filter>
    </ClCompile>
    <ClCompile Include="SequenceListStoreOrRecallValue.cpp">
      <Filter>Source Files</Filter>
    </ClCompile>
    <ClCompile Include="SequenceListSyncCommand.cpp">
      <Filter>Source Files</Filter>
    </ClCompile>
    <ClCompile Include="SequenceListWaitTillEndOfWaveformGroup.cpp">
      <Filter>Source Files</Filter>
    </ClCompile>
    <ClCompile Include="SequenceListWaveform.cpp">
      <Filter>Source Files</Filter>
    </ClCompile>
    <ClCompile Include="SequenceListWaveformData.cpp">
      <Filter>Source Files</Filter>
    </ClCompile>
    <ClCompile Include="Serial.cpp">
      <Filter>Source Files</Filter>
    </ClCompile>
    <ClCompile Include="SerialDevice.cpp">
      <Filter>Source Files</Filter>
    </ClCompile>
    <ClCompile Include="SimpleColorButton.cpp">
      <Filter>Source Files</Filter>
    </ClCompile>
    <ClCompile Include="Sin.cpp">
      <Filter>Source Files</Filter>
    </ClCompile>
    <ClCompile Include="SineRamp.cpp">
      <Filter>Source Files</Filter>
    </ClCompile>
    <ClCompile Include="SingleWaveform.cpp">
      <Filter>Source Files</Filter>
    </ClCompile>
    <ClCompile Include="SlaveIO.cpp">
      <Filter>Source Files</Filter>
    </ClCompile>
    <ClCompile Include="SlaveIOList.cpp">
      <Filter>Source Files</Filter>
    </ClCompile>
    <ClCompile Include="SlaveMainDialog.cpp">
      <Filter>Source Files</Filter>
    </ClCompile>
    <ClCompile Include="SlaveServer.cpp">
      <Filter>Source Files</Filter>
    </ClCompile>
    <ClCompile Include="Square.cpp">
      <Filter>Source Files</Filter>
    </ClCompile>
    <ClCompile Include="SRS345.cpp">
      <Filter>Source Files</Filter>
    </ClCompile>
    <ClCompile Include="StaticHelp.cpp">
      <Filter>Source Files</Filter>
    </ClCompile>
    <ClCompile Include="StdAfx.cpp">
      <Filter>Source Files</Filter>
    </ClCompile>
    <ClCompile Include="StepwiseLinearCalibration.cpp">
      <Filter>Source Files</Filter>
    </ClCompile>
    <ClCompile Include="StepwiseLinearRamp.cpp">
      <Filter>Source Files</Filter>
    </ClCompile>
    <ClCompile Include="SyncCommand.cpp">
      <Filter>Source Files</Filter>
    </ClCompile>
    <ClCompile Include="SystemParamList.cpp">
      <Filter>Source Files</Filter>
    </ClCompile>
    <ClCompile Include="TektronixAWG5105.cpp">
      <Filter>Source Files</Filter>
    </ClCompile>
    <ClCompile Include="TektronixTDS524A.cpp">
      <Filter>Source Files</Filter>
    </ClCompile>
    <ClCompile Include="theme.cpp">
      <Filter>Source Files</Filter>
    </ClCompile>
    <ClCompile Include="TimeStretch.cpp">
      <Filter>Source Files</Filter>
    </ClCompile>
    <ClCompile Include="TweezerRamp.cpp">
      <Filter>Source Files</Filter>
    </ClCompile>
    <ClCompile Include="UniMess.cpp">
      <Filter>Source Files</Filter>
    </ClCompile>
    <ClCompile Include="UniMessList.cpp">
      <Filter>Source Files</Filter>
    </ClCompile>
    <ClCompile Include="USBMultiIO.cpp">
      <Filter>Source Files</Filter>
    </ClCompile>
    <ClCompile Include="utilities.cpp">
      <Filter>Source Files</Filter>
    </ClCompile>
    <ClCompile Include="UtilityDialog.cpp">
      <Filter>Source Files</Filter>
    </ClCompile>
    <ClCompile Include="VCOCalibration.cpp">
      <Filter>Source Files</Filter>
    </ClCompile>
    <ClCompile Include="VerdiLaser.cpp">
      <Filter>Source Files</Filter>
    </ClCompile>
    <ClCompile Include="Vision.cpp">
      <Filter>Source Files</Filter>
    </ClCompile>
    <ClCompile Include="Waveform.cpp">
      <Filter>Source Files</Filter>
    </ClCompile>
    <ClCompile Include="WaveformGenerator.cpp">
      <Filter>Source Files</Filter>
    </ClCompile>
    <ClCompile Include="SlaveWaveform.cpp">
      <Filter>Header Files</Filter>
    </ClCompile>
    <ClCompile Include="CosineRamp.cpp">
      <Filter>Resource Files</Filter>
    </ClCompile>
    <ClCompile Include="SequenceListWaitTillBusBufferEmpty.cpp">
      <Filter>Resource Files</Filter>
    </ClCompile>
    <ClCompile Include="PixelFont.cpp">
      <Filter>Source Files</Filter>
    </ClCompile>
    <ClCompile Include="Mesh3D.cpp">
      <Filter>Source Files</Filter>
    </ClCompile>
    <ClCompile Include="SequencerAbstract.cpp">
      <Filter>Source Files</Filter>
    </ClCompile>
    <ClCompile Include="EthernetMultiIOControllerOpticsFoundry.cpp">
      <Filter>Source Files</Filter>
    </ClCompile>
    <ClCompile Include="ControlAPI.cpp">
      <Filter>Source Files</Filter>
    </ClCompile>
    <ClCompile Include="SequenceListSequencerCommand.cpp">
      <Filter>Source Files</Filter>
    </ClCompile>
    <ClCompile Include="CTimestamp.cpp">
      <Filter>Source Files</Filter>
    </ClCompile>
    <ClCompile Include="CoilDriverTorun3x3A.cpp">
      <Filter>Source Files</Filter>
    </ClCompile>
    <ClCompile Include="CoilDriverTorun100A.cpp">
      <Filter>Source Files</Filter>
    </ClCompile>
    <ClCompile Include="AD9958.cpp">
      <Filter>Source Files</Filter>
    </ClCompile>
    <ClCompile Include="RemoteResetServer.cpp">
      <Filter>Source Files</Filter>
    </ClCompile>
    <ClCompile Include="CHardwareConfig.cpp">
      <Filter>Source Files</Filter>
    </ClCompile>
    <ClCompile Include="CUserIOConfig.cpp">
      <Filter>Source Files</Filter>
    </ClCompile>
    <ClCompile Include="MultiWriteDeviceSPI.cpp">
      <Filter>Source Files</Filter>
    </ClCompile>
    <ClCompile Include="IOList_shortcuts_auto_created.cpp">
      <Filter>Source Files</Filter>
    </ClCompile>
    <ClCompile Include="LaserLock.cpp">
      <Filter>Source Files</Filter>
    </ClCompile>
    <ClCompile Include="SequencerEthernetOpticsFoundry.cpp">
      <Filter>Source Files</Filter>
    </ClCompile>
    <ClCompile Include="ParamList_shortcuts_auto_created.cpp">
      <Filter>Source Files</Filter>
    </ClCompile>
    <ClCompile Include="SequenceManualUserIO.cpp">
      <Filter>Source Files</Filter>
    </ClCompile>
    <ClCompile Include="SequenceImaging.cpp">
      <Filter>Source Files</Filter>
    </ClCompile>
    <ClCompile Include="SequenceListLambdaFunction.cpp">
      <Filter>Source Files</Filter>
    </ClCompile>
    <ClCompile Include="SequenceUtilities.cpp">
      <Filter>Source Files</Filter>
    </ClCompile>
    <ClCompile Include="SequenceStandardUtilities.cpp">
      <Filter>Source Files</Filter>
    </ClCompile>
  </ItemGroup>
  <ItemGroup>
    <ResourceCompile Include="Control.rc">
      <Filter>Source Files</Filter>
    </ResourceCompile>
  </ItemGroup>
  <ItemGroup>
    <ClInclude Include="AD9852.h">
      <Filter>Header Files</Filter>
    </ClInclude>
    <ClInclude Include="AD9858.h">
      <Filter>Header Files</Filter>
    </ClInclude>
    <ClInclude Include="ADF4351.h">
      <Filter>Header Files</Filter>
    </ClInclude>
    <ClInclude Include="Agilent33250A.h">
      <Filter>Header Files</Filter>
    </ClInclude>
    <ClInclude Include="Agilent33250ASerial.h">
      <Filter>Header Files</Filter>
    </ClInclude>
    <ClInclude Include="AnaIn.h">
      <Filter>Header Files</Filter>
    </ClInclude>
    <ClInclude Include="AnalogOut.h">
      <Filter>Header Files</Filter>
    </ClInclude>
    <ClInclude Include="AnaOut.h">
      <Filter>Header Files</Filter>
    </ClInclude>
    <ClInclude Include="BlackmanPulse.h">
      <Filter>Header Files</Filter>
    </ClInclude>
    <ClInclude Include="burleighWA1000.h">
      <Filter>Header Files</Filter>
    </ClInclude>
    <ClInclude Include="Calibration.h">
      <Filter>Header Files</Filter>
    </ClInclude>
    <ClInclude Include="ChannelReservationList.h">
      <Filter>Header Files</Filter>
    </ClInclude>
    <ClInclude Include="ChannelReservationListPoint.h">
      <Filter>Header Files</Filter>
    </ClInclude>
    <ClInclude Include="ClientSocketUser.h">
      <Filter>Header Files</Filter>
    </ClInclude>
    <ClInclude Include="clntsock.h">
      <Filter>Header Files</Filter>
    </ClInclude>
    <ClInclude Include="color.h">
      <Filter>Header Files</Filter>
    </ClInclude>
    <ClInclude Include="ColorControl.h">
      <Filter>Header Files</Filter>
    </ClInclude>
    <ClInclude Include="ConsecutiveCalibration.h">
      <Filter>Header Files</Filter>
    </ClInclude>
    <ClInclude Include="Control.h">
      <Filter>Header Files</Filter>
    </ClInclude>
    <ClInclude Include="CosineRamp.h">
      <Filter>Header Files</Filter>
    </ClInclude>
    <ClInclude Include="CosineSquareRamp.h">
      <Filter>Header Files</Filter>
    </ClInclude>
    <ClInclude Include="DDSCalibration.h">
      <Filter>Header Files</Filter>
    </ClInclude>
    <ClInclude Include="DelayedWaveform.h">
      <Filter>Header Files</Filter>
    </ClInclude>
    <ClInclude Include="DialogElement.h">
      <Filter>Header Files</Filter>
    </ClInclude>
    <ClInclude Include="DigIn.h">
      <Filter>Header Files</Filter>
    </ClInclude>
    <ClInclude Include="DigitalOut.h">
      <Filter>Header Files</Filter>
    </ClInclude>
    <ClInclude Include="DigOut.h">
      <Filter>Header Files</Filter>
    </ClInclude>
    <ClInclude Include="DoublePoint.h">
      <Filter>Header Files</Filter>
    </ClInclude>
    <ClInclude Include="EasyDialog.h">
      <Filter>Header Files</Filter>
    </ClInclude>
    <ClInclude Include="EIP548A.h">
      <Filter>Header Files</Filter>
    </ClInclude>
    <ClInclude Include="ElementAnalogOut.h">
      <Filter>Header Files</Filter>
    </ClInclude>
    <ClInclude Include="ElementBool.h">
      <Filter>Header Files</Filter>
    </ClInclude>
    <ClInclude Include="ElementButton.h">
      <Filter>Header Files</Filter>
    </ClInclude>
    <ClInclude Include="ElementDigitalOut.h">
      <Filter>Header Files</Filter>
    </ClInclude>
    <ClInclude Include="ElementDouble.h">
      <Filter>Header Files</Filter>
    </ClInclude>
    <ClInclude Include="ElementGroupBox.h">
      <Filter>Header Files</Filter>
    </ClInclude>
    <ClInclude Include="ElementInt.h">
      <Filter>Header Files</Filter>
    </ClInclude>
    <ClInclude Include="ElementStatic.h">
      <Filter>Header Files</Filter>
    </ClInclude>
    <ClInclude Include="ElementString.h">
      <Filter>Header Files</Filter>
    </ClInclude>
    <ClInclude Include="ElementStringComboBox.h">
      <Filter>Header Files</Filter>
    </ClInclude>
    <ClInclude Include="EvaporationSweep.h">
      <Filter>Header Files</Filter>
    </ClInclude>
    <ClInclude Include="ExecuteMeasurementDlg.h">
      <Filter>Header Files</Filter>
    </ClInclude>
    <ClInclude Include="ExecuteMeasurementDlgContainer.h">
      <Filter>Header Files</Filter>
    </ClInclude>
    <ClInclude Include="FiberLaser.h">
      <Filter>Header Files</Filter>
    </ClInclude>
    <ClInclude Include="FlatToolTipCtrl.h">
      <Filter>Header Files</Filter>
    </ClInclude>
    <ClInclude Include="FluoLoadingDialog.h">
      <Filter>Header Files</Filter>
    </ClInclude>
    <ClInclude Include="FTD2XX.H">
      <Filter>Header Files</Filter>
    </ClInclude>
    <ClInclude Include="GPIB.h">
      <Filter>Header Files</Filter>
    </ClInclude>
    <ClInclude Include="GPIBDevice.h">
      <Filter>Header Files</Filter>
    </ClInclude>
    <ClInclude Include="Grid2DWaveform.h">
      <Filter>Header Files</Filter>
    </ClInclude>
    <ClInclude Include="HP5334A.h">
      <Filter>Header Files</Filter>
    </ClInclude>
    <ClInclude Include="IO.h">
      <Filter>Header Files</Filter>
    </ClInclude>
    <ClInclude Include="IOList.h">
      <Filter>Header Files</Filter>
    </ClInclude>
    <ClInclude Include="IORegister.h">
      <Filter>Header Files</Filter>
    </ClInclude>
    <ClInclude Include="IPGLaser.h">
      <Filter>Header Files</Filter>
    </ClInclude>
    <ClInclude Include="Keithley2000.h">
      <Filter>Header Files</Filter>
    </ClInclude>
    <ClInclude Include="LaserLock.h">
      <Filter>Header Files</Filter>
    </ClInclude>
    <ClInclude Include="Linear.h">
      <Filter>Header Files</Filter>
    </ClInclude>
    <ClInclude Include="lstnsock.h">
      <Filter>Header Files</Filter>
    </ClInclude>
    <ClInclude Include="MainDialog.h">
      <Filter>Header Files</Filter>
    </ClInclude>
    <ClInclude Include="Measurement.h">
      <Filter>Header Files</Filter>
    </ClInclude>
    <ClInclude Include="MeasurementList.h">
      <Filter>Header Files</Filter>
    </ClInclude>
    <ClInclude Include="MeasurementPoint.h">
      <Filter>Header Files</Filter>
    </ClInclude>
    <ClInclude Include="MeasurementQueue.h">
      <Filter>Header Files</Filter>
    </ClInclude>
    <ClInclude Include="MenuButton.h">
      <Filter>Header Files</Filter>
    </ClInclude>
    <ClInclude Include="MenuGroupBox.h">
      <Filter>Header Files</Filter>
    </ClInclude>
    <ClInclude Include="MenuObList.h">
      <Filter>Header Files</Filter>
    </ClInclude>
    <ClInclude Include="MenuObListElement.h">
      <Filter>Header Files</Filter>
    </ClInclude>
    <ClInclude Include="MenuStatic.h">
      <Filter>Header Files</Filter>
    </ClInclude>
    <ClInclude Include="MenuTitle.h">
      <Filter>Header Files</Filter>
    </ClInclude>
    <ClInclude Include="MessageReceiver.h">
      <Filter>Header Files</Filter>
    </ClInclude>
    <ClInclude Include="MultiIO.h">
      <Filter>Header Files</Filter>
    </ClInclude>
    <ClInclude Include="MultiWriteDevice.h">
      <Filter>Header Files</Filter>
    </ClInclude>
    <ClInclude Include="NetIO.h">
      <Filter>Header Files</Filter>
    </ClInclude>
    <ClInclude Include="network.h">
      <Filter>Header Files</Filter>
    </ClInclude>
    <ClInclude Include="NetworkClient.h">
      <Filter>Header Files</Filter>
    </ClInclude>
    <ClInclude Include="NetworkServer.h">
      <Filter>Header Files</Filter>
    </ClInclude>
    <ClInclude Include="NI6024E.h">
      <Filter>Header Files</Filter>
    </ClInclude>
    <ClInclude Include="NI653x.h">
      <Filter>Header Files</Filter>
    </ClInclude>
    <ClInclude Include="NI67x3.h">
      <Filter>Header Files</Filter>
    </ClInclude>
    <ClInclude Include="nidaq.h">
      <Filter>Header Files</Filter>
    </ClInclude>
    <ClInclude Include="OmegaiSeries.h">
      <Filter>Header Files</Filter>
    </ClInclude>
    <ClInclude Include="Output.h">
      <Filter>Header Files</Filter>
    </ClInclude>
    <ClInclude Include="OvenControl.h">
      <Filter>Header Files</Filter>
    </ClInclude>
    <ClInclude Include="ParabolicRamp.h">
      <Filter>Header Files</Filter>
    </ClInclude>
    <ClInclude Include="ParallelPort.h">
      <Filter>Header Files</Filter>
    </ClInclude>
    <ClInclude Include="Param.h">
      <Filter>Header Files</Filter>
    </ClInclude>
    <ClInclude Include="ParamBool.h">
      <Filter>Header Files</Filter>
    </ClInclude>
    <ClInclude Include="ParamDouble.h">
      <Filter>Header Files</Filter>
    </ClInclude>
    <ClInclude Include="ParameterDialog.h">
      <Filter>Header Files</Filter>
    </ClInclude>
    <ClInclude Include="Parameters.h">
      <Filter>Header Files</Filter>
    </ClInclude>
    <ClInclude Include="ParamInt.h">
      <Filter>Header Files</Filter>
    </ClInclude>
    <ClInclude Include="ParamList.h">
      <Filter>Header Files</Filter>
    </ClInclude>
    <ClInclude Include="ParamRegister.h">
      <Filter>Header Files</Filter>
    </ClInclude>
    <ClInclude Include="ParamString.h">
      <Filter>Header Files</Filter>
    </ClInclude>
    <ClInclude Include="ParamStringComboBox.h">
      <Filter>Header Files</Filter>
    </ClInclude>
    <ClInclude Include="Polynom.h">
      <Filter>Header Files</Filter>
    </ClInclude>
    <ClInclude Include="Pulse.h">
      <Filter>Header Files</Filter>
    </ClInclude>
    <ClInclude Include="Ramp.h">
      <Filter>Header Files</Filter>
    </ClInclude>
    <ClInclude Include="RampdBLinear.h">
      <Filter>Header Files</Filter>
    </ClInclude>
    <ClInclude Include="RangeCheck.h">
      <Filter>Header Files</Filter>
    </ClInclude>
    <ClInclude Include="Rectangle.h">
      <Filter>Header Files</Filter>
    </ClInclude>
    <ClInclude Include="RemoteControl.h">
      <Filter>Header Files</Filter>
    </ClInclude>
    <ClInclude Include="Resource.h">
      <Filter>Header Files</Filter>
    </ClInclude>
    <ClInclude Include="RSSML0x.h">
      <Filter>Header Files</Filter>
    </ClInclude>
    <ClInclude Include="RunProgressDlg.h">
      <Filter>Header Files</Filter>
    </ClInclude>
    <ClInclude Include="Sequence.h">
      <Filter>Header Files</Filter>
    </ClInclude>
    <ClInclude Include="SequenceLib.h">
      <Filter>Header Files</Filter>
    </ClInclude>
    <ClInclude Include="SequenceList.h">
      <Filter>Header Files</Filter>
    </ClInclude>
    <ClInclude Include="SequenceListAnalogOut.h">
      <Filter>Header Files</Filter>
    </ClInclude>
    <ClInclude Include="SequenceListComment.h">
      <Filter>Header Files</Filter>
    </ClInclude>
    <ClInclude Include="SequenceListDigitalOut.h">
      <Filter>Header Files</Filter>
    </ClInclude>
    <ClInclude Include="SequenceListMultiWriteDeviceValue.h">
      <Filter>Header Files</Filter>
    </ClInclude>
    <ClInclude Include="SequenceListPoint.h">
      <Filter>Header Files</Filter>
    </ClInclude>
    <ClInclude Include="SequenceListRemoveWaveformGroup.h">
      <Filter>Header Files</Filter>
    </ClInclude>
    <ClInclude Include="SequenceListStoreOrRecallValue.h">
      <Filter>Header Files</Filter>
    </ClInclude>
    <ClInclude Include="SequenceListSyncCommand.h">
      <Filter>Header Files</Filter>
    </ClInclude>
    <ClInclude Include="SequenceListWaitTillBusBufferEmpty.h">
      <Filter>Header Files</Filter>
    </ClInclude>
    <ClInclude Include="SequenceListWaitTillEndOfWaveformGroup.h">
      <Filter>Header Files</Filter>
    </ClInclude>
    <ClInclude Include="SequenceListWaveform.h">
      <Filter>Header Files</Filter>
    </ClInclude>
    <ClInclude Include="SequenceListWaveformData.h">
      <Filter>Header Files</Filter>
    </ClInclude>
    <ClInclude Include="Serial.h">
      <Filter>Header Files</Filter>
    </ClInclude>
    <ClInclude Include="SerialDevice.h">
      <Filter>Header Files</Filter>
    </ClInclude>
    <ClInclude Include="SimpleColorButton.h">
      <Filter>Header Files</Filter>
    </ClInclude>
    <ClInclude Include="Sin.h">
      <Filter>Header Files</Filter>
    </ClInclude>
    <ClInclude Include="SineRamp.h">
      <Filter>Header Files</Filter>
    </ClInclude>
    <ClInclude Include="SingleWaveform.h">
      <Filter>Header Files</Filter>
    </ClInclude>
    <ClInclude Include="SlaveIO.h">
      <Filter>Header Files</Filter>
    </ClInclude>
    <ClInclude Include="SlaveIOList.h">
      <Filter>Header Files</Filter>
    </ClInclude>
    <ClInclude Include="SlaveMainDialog.h">
      <Filter>Header Files</Filter>
    </ClInclude>
    <ClInclude Include="SlaveServer.h">
      <Filter>Header Files</Filter>
    </ClInclude>
    <ClInclude Include="SlaveWaveform.h">
      <Filter>Header Files</Filter>
    </ClInclude>
    <ClInclude Include="spline.h">
      <Filter>Header Files</Filter>
    </ClInclude>
    <ClInclude Include="Square.h">
      <Filter>Header Files</Filter>
    </ClInclude>
    <ClInclude Include="SRS345.h">
      <Filter>Header Files</Filter>
    </ClInclude>
    <ClInclude Include="StaticHelp.h">
      <Filter>Header Files</Filter>
    </ClInclude>
    <ClInclude Include="StdAfx.h">
      <Filter>Header Files</Filter>
    </ClInclude>
    <ClInclude Include="StepwiseLinearCalibration.h">
      <Filter>Header Files</Filter>
    </ClInclude>
    <ClInclude Include="StepwiseLinearRamp.h">
      <Filter>Header Files</Filter>
    </ClInclude>
    <ClInclude Include="SyncCommand.h">
      <Filter>Header Files</Filter>
    </ClInclude>
    <ClInclude Include="SystemParamList.h">
      <Filter>Header Files</Filter>
    </ClInclude>
    <ClInclude Include="TektronixAWG5105.h">
      <Filter>Header Files</Filter>
    </ClInclude>
    <ClInclude Include="TektronixTDS524A.h">
      <Filter>Header Files</Filter>
    </ClInclude>
    <ClInclude Include="TimeStretch.h">
      <Filter>Header Files</Filter>
    </ClInclude>
    <ClInclude Include="TweezerRamp.h">
      <Filter>Header Files</Filter>
    </ClInclude>
    <ClInclude Include="UniMess.h">
      <Filter>Header Files</Filter>
    </ClInclude>
    <ClInclude Include="UniMessList.h">
      <Filter>Header Files</Filter>
    </ClInclude>
    <ClInclude Include="USBMultiIO.h">
      <Filter>Header Files</Filter>
    </ClInclude>
    <ClInclude Include="utilities.h">
      <Filter>Header Files</Filter>
    </ClInclude>
    <ClInclude Include="UtilityDialog.h">
      <Filter>Header Files</Filter>
    </ClInclude>
    <ClInclude Include="VCOCalibration.h">
      <Filter>Header Files</Filter>
    </ClInclude>
    <ClInclude Include="VerdiLaser.h">
      <Filter>Header Files</Filter>
    </ClInclude>
    <ClInclude Include="Vision.h">
      <Filter>Header Files</Filter>
    </ClInclude>
    <ClInclude Include="Waveform.h">
      <Filter>Header Files</Filter>
    </ClInclude>
    <ClInclude Include="WaveformGenerator.h">
      <Filter>Header Files</Filter>
    </ClInclude>
    <ClInclude Include="theme.h">
      <Filter>Resource Files</Filter>
    </ClInclude>
    <ClInclude Include="nidaqmx.h">
      <Filter>Header Files</Filter>
    </ClInclude>
    <ClInclude Include="PixelFont.h">
      <Filter>Header Files</Filter>
    </ClInclude>
    <ClInclude Include="Mesh3D.h">
      <Filter>Header Files</Filter>
    </ClInclude>
    <ClInclude Include="EthernetMultiIOController.h">
      <Filter>Header Files</Filter>
    </ClInclude>
    <ClInclude Include="SequencerAbstract.h">
      <Filter>Header Files</Filter>
    </ClInclude>
    <ClInclude Include="SequencerEthernetFirefly.h">
      <Filter>Header Files</Filter>
    </ClInclude>
    <ClInclude Include="EthernetMultiIOControllerOpticsFoundry.h">
      <Filter>Header Files</Filter>
    </ClInclude>
    <ClInclude Include="ControlAPI.h">
      <Filter>Header Files</Filter>
    </ClInclude>
    <ClInclude Include="SequenceListSequencerCommand.h">
      <Filter>Header Files</Filter>
    </ClInclude>
    <ClInclude Include="typedefs.h">
      <Filter>Header Files</Filter>
    </ClInclude>
    <ClInclude Include="CTimestamp.h">
      <Filter>Header Files</Filter>
    </ClInclude>
    <ClInclude Include="CoilDriverTorun3x3A.h">
      <Filter>Header Files</Filter>
    </ClInclude>
    <ClInclude Include="CoilDriverTorun100A.h">
      <Filter>Header Files</Filter>
    </ClInclude>
    <ClInclude Include="AD9958.h">
      <Filter>Header Files</Filter>
    </ClInclude>
    <ClInclude Include="RemoteResetServer.h">
      <Filter>Header Files</Filter>
    </ClInclude>
    <ClInclude Include="include\pybind11\pybind11.h">
      <Filter>Header Files</Filter>
    </ClInclude>
    <ClInclude Include="CHardwareConfig.h">
      <Filter>Header Files</Filter>
    </ClInclude>
    <ClInclude Include="json.hpp">
      <Filter>Header Files</Filter>
    </ClInclude>
    <ClInclude Include="CUserIOConfig.h">
      <Filter>Header Files</Filter>
    </ClInclude>
    <ClInclude Include="MultiWriteDeviceSPI.h">
      <Filter>Header Files</Filter>
    </ClInclude>
    <ClInclude Include="IOList_shortcuts_auto_created.h">
      <Filter>Header Files</Filter>
    </ClInclude>
    <ClInclude Include="SequencerEthernetOpticsFoundry.h">
      <Filter>Header Files</Filter>
    </ClInclude>
    <ClInclude Include="ParamList_shortcuts_auto_created.h">
      <Filter>Header Files</Filter>
    </ClInclude>
    <ClInclude Include="SequenceListLambdaFunction.h">
      <Filter>Header Files</Filter>
    </ClInclude>
  </ItemGroup>
  <ItemGroup>
    <None Include="resource.hm">
      <Filter>Header Files</Filter>
    </None>
    <None Include="res\bitmap1.bmp">
      <Filter>Resource Files</Filter>
    </None>
    <None Include="res\BitmapBlack.bmp">
      <Filter>Resource Files</Filter>
    </None>
    <None Include="res\BitmapBlue.bmp">
      <Filter>Resource Files</Filter>
    </None>
    <None Include="res\BitmapGray.bmp">
      <Filter>Resource Files</Filter>
    </None>
    <None Include="res\BitmapGreen.bmp">
      <Filter>Resource Files</Filter>
    </None>
    <None Include="res\BitmapLightGray.bmp">
      <Filter>Resource Files</Filter>
    </None>
    <None Include="res\BitmapOrange.bmp">
      <Filter>Resource Files</Filter>
    </None>
    <None Include="res\BitmapWhite.bmp">
      <Filter>Resource Files</Filter>
    </None>
    <None Include="res\BitmapYellow.bmp">
      <Filter>Resource Files</Filter>
    </None>
    <None Include="res\Control.ico">
      <Filter>Resource Files</Filter>
    </None>
    <None Include="res\Control.rc2">
      <Filter>Resource Files</Filter>
    </None>
    <None Include="res\ControlDoc.ico">
      <Filter>Resource Files</Filter>
    </None>
    <None Include="res\Toolbar.bmp">
      <Filter>Resource Files</Filter>
    </None>
    <None Include="FluoLoadingDialog.htm" />
    <None Include="ReadMe.txt" />
    <None Include="ClassDiagram1.cd" />
    <None Include="ConfigFileCreators\ControlHardwareConfigFileCreator.py" />
    <None Include="ConfigFileCreators\ControlUserIOConfigFileCreator.py" />
    <None Include="ConfigParams\ControlHardwareConfig.json" />
  </ItemGroup>
  <ItemGroup>
    <Library Include="inpout32.lib">
      <Filter>Libraries</Filter>
    </Library>
    <Library Include="NIDAQmx.lib">
      <Filter>Libraries</Filter>
    </Library>
  </ItemGroup>
  <ItemGroup>
    <Text Include="AddressUsageTable.txt" />
    <Text Include="ControlParam_ParamList.txt" />
    <Text Include="ConfigParams\ControlParam_SystemParamList.txt" />
  </ItemGroup>
</Project>