Microsoft Visual Studio Solution File, Format Version 12.00
# Visual Studio Version 17
VisualStudioVersion = 17.13.35931.197
MinimumVisualStudioVersion = 10.0.40219.1
Project("{8BC9CEB8-8B4A-11D0-8D11-00A0C91BC942}") = "Control", "Control.vcxproj", "{6FA87DC2-1166-45EB-9C9D-B899649ACA22}"
EndProject
Global
	GlobalSection(SolutionConfigurationPlatforms) = preSolution
		Debug|Win32 = Debug|Win32
		Debug|x64 = Debug|x64
		Release|Win32 = Release|Win32
		Release|x64 = Release|x64
	EndGlobalSection
	GlobalSection(ProjectConfigurationPlatforms) = postSolution
		{6FA87DC2-1166-45EB-9C9D-B899649ACA22}.Debug|Win32.ActiveCfg = Debug|Win32
		{6FA87DC2-1166-45EB-9C9D-B899649ACA22}.Debug|Win32.Build.0 = Debug|Win32
		{6FA87DC2-1166-45EB-9C9D-B899649ACA22}.Debug|x64.ActiveCfg = Template|x64
		{6FA87DC2-1166-45EB-9C9D-B899649ACA22}.Debug|x64.Build.0 = Template|x64
		{6FA87DC2-1166-45EB-9C9D-B899649ACA22}.Release|Win32.ActiveCfg = Release|Win32
		{6FA87DC2-1166-45EB-9C9D-B899649ACA22}.Release|Win32.Build.0 = Release|Win32
		{6FA87DC2-1166-45EB-9C9D-B899649ACA22}.Release|x64.ActiveCfg = Release|x64
		{6FA87DC2-1166-45EB-9C9D-B899649ACA22}.Release|x64.Build.0 = Release|x64
	EndGlobalSection
	GlobalSection(SolutionProperties) = preSolution
		HideSolutionNode = FALSE
	EndGlobalSection
EndGlobal
