<?xml version="1.0" encoding="utf-8"?>
<Project ToolsVersion="4.0" xmlns="http://schemas.microsoft.com/developer/msbuild/2003">
  <ItemGroup>
    <Filter Include="Source Files">
      <UniqueIdentifier>{820fa767-5c35-4406-9709-4c387ce6f8dd}</UniqueIdentifier>
      <Extensions>cpp;c;cxx;rc;def;r;odl;idl;hpj;bat</Extensions>
    </Filter>
    <Filter Include="Header Files">
      <UniqueIdentifier>{824b1697-5dc2-4094-9440-6aea0ef220b2}</UniqueIdentifier>
      <Extensions>h;hpp;hxx;hm;inl</Extensions>
    </Filter>
    <Filter Include="Resource Files">
      <UniqueIdentifier>{8b1eb335-6406-498c-baf8-9bbcd0afd74e}</UniqueIdentifier>
      <Extensions>ico;cur;bmp;dlg;rc2;rct;bin;rgs;gif;jpg;jpeg;jpe</Extensions>
    </Filter>
    <Filter Include="Libraries">
      <UniqueIdentifier>{faa99243-9452-4b2a-ace9-6b0c431b1dd2}</UniqueIdentifier>
      <Extensions>*.lib</Extensions>
    </Filter>
  </ItemGroup>
  <ItemGroup>
    <ClCompile Include="Source\AD9852.cpp">
      <Filter>Source Files</Filter>
    </ClCompile>
    <ClCompile Include="Source\AD9858.cpp">
      <Filter>Source Files</Filter>
    </ClCompile>
    <ClCompile Include="Source\AD9958.cpp">
      <Filter>Source Files</Filter>
    </ClCompile>
    <ClCompile Include="Source\ADF4351.cpp">
      <Filter>Source Files</Filter>
    </ClCompile>
    <ClCompile Include="Source\Agilent33250A.cpp">
      <Filter>Source Files</Filter>
    </ClCompile>
    <ClCompile Include="Source\Agilent33250ASerial.cpp">
      <Filter>Source Files</Filter>
    </ClCompile>
    <ClCompile Include="Source\AnaIn.cpp">
      <Filter>Source Files</Filter>
    </ClCompile>
    <ClCompile Include="Source\AnalogOut.cpp">
      <Filter>Source Files</Filter>
    </ClCompile>
    <ClCompile Include="Source\AnaOut.cpp">
      <Filter>Source Files</Filter>
    </ClCompile>
    <ClCompile Include="Source\CHardwareConfig.cpp">
      <Filter>Source Files</Filter>
    </ClCompile>
    <ClCompile Include="Source\CoilDriverTorun100A.cpp">
      <Filter>Source Files</Filter>
    </ClCompile>
    <ClCompile Include="Source\CoilDriverTorun3x3A.cpp">
      <Filter>Source Files</Filter>
    </ClCompile>
    <ClCompile Include="Source\ControlAPI.cpp">
      <Filter>Source Files</Filter>
    </ClCompile>
    <ClCompile Include="Source\BlackmanPulse.cpp">
      <Filter>Source Files</Filter>
    </ClCompile>
    <ClCompile Include="Source\burleighWA1000.cpp">
      <Filter>Source Files</Filter>
    </ClCompile>
    <ClCompile Include="Source\Calibration.cpp">
      <Filter>Source Files</Filter>
    </ClCompile>
    <ClCompile Include="Source\ChannelReservationList.cpp">
      <Filter>Source Files</Filter>
    </ClCompile>
    <ClCompile Include="Source\ChannelReservationListPoint.cpp">
      <Filter>Source Files</Filter>
    </ClCompile>
    <ClCompile Include="Source\ClientSocketUser.cpp">
      <Filter>Source Files</Filter>
    </ClCompile>
    <ClCompile Include="Source\clntsock.cpp">
      <Filter>Source Files</Filter>
    </ClCompile>
    <ClCompile Include="Source\color.cpp">
      <Filter>Source Files</Filter>
    </ClCompile>
    <ClCompile Include="Source\ColorControl.cpp">
      <Filter>Source Files</Filter>
    </ClCompile>
    <ClCompile Include="Source\ConsecutiveCalibration.cpp">
      <Filter>Source Files</Filter>
    </ClCompile>
    <ClCompile Include="Source\Control.cpp">
      <Filter>Source Files</Filter>
    </ClCompile>
    <ClCompile Include="Source\CosineSquareRamp.cpp">
      <Filter>Source Files</Filter>
    </ClCompile>
    <ClCompile Include="Source\CTimestamp.cpp">
      <Filter>Source Files</Filter>
    </ClCompile>
    <ClCompile Include="Source\CUserIOConfig.cpp">
      <Filter>Source Files</Filter>
    </ClCompile>
    <ClCompile Include="Source\IOList_shortcuts_auto_created.cpp">
      <Filter>Source Files</Filter>
    </ClCompile>
    <ClCompile Include="Source\LaserLock.cpp">
      <Filter>Source Files</Filter>
    </ClCompile>
    <ClCompile Include="Source\MultiWriteDeviceSPI.cpp">
      <Filter>Source Files</Filter>
    </ClCompile>
    <ClCompile Include="Source\ParamList_shortcuts_auto_created.cpp">
      <Filter>Source Files</Filter>
    </ClCompile>
    <ClCompile Include="Source\RemoteResetServer.cpp">
      <Filter>Source Files</Filter>
    </ClCompile>
    <ClCompile Include="Source\Sequence_Imaging.cpp">
      <Filter>Source Files</Filter>
    </ClCompile>
    <ClCompile Include="Source\SequenceListLambdaFunction.cpp">
      <Filter>Source Files</Filter>
    </ClCompile>
    <ClCompile Include="Source\SequenceListSequencerCommand.cpp">
      <Filter>Source Files</Filter>
    </ClCompile>
    <ClCompile Include="Source\DDSCalibration.cpp">
      <Filter>Source Files</Filter>
    </ClCompile>
    <ClCompile Include="Source\DelayedWaveform.cpp">
      <Filter>Source Files</Filter>
    </ClCompile>
    <ClCompile Include="Source\DialogElement.cpp">
      <Filter>Source Files</Filter>
    </ClCompile>
    <ClCompile Include="Source\DigIn.cpp">
      <Filter>Source Files</Filter>
    </ClCompile>
    <ClCompile Include="Source\DigitalOut.cpp">
      <Filter>Source Files</Filter>
    </ClCompile>
    <ClCompile Include="Source\DigOut.cpp">
      <Filter>Source Files</Filter>
    </ClCompile>
    <ClCompile Include="Source\DoublePoint.cpp">
      <Filter>Source Files</Filter>
    </ClCompile>
    <ClCompile Include="Source\EasyDialog.cpp">
      <Filter>Source Files</Filter>
    </ClCompile>
    <ClCompile Include="Source\EIP548A.cpp">
      <Filter>Source Files</Filter>
    </ClCompile>
    <ClCompile Include="Source\ElementAnalogOut.cpp">
      <Filter>Source Files</Filter>
    </ClCompile>
    <ClCompile Include="Source\ElementBool.cpp">
      <Filter>Source Files</Filter>
    </ClCompile>
    <ClCompile Include="Source\ElementButton.cpp">
      <Filter>Source Files</Filter>
    </ClCompile>
    <ClCompile Include="Source\ElementDigitalOut.cpp">
      <Filter>Source Files</Filter>
    </ClCompile>
    <ClCompile Include="Source\ElementDouble.cpp">
      <Filter>Source Files</Filter>
    </ClCompile>
    <ClCompile Include="Source\ElementGroupBox.cpp">
      <Filter>Source Files</Filter>
    </ClCompile>
    <ClCompile Include="Source\ElementInt.cpp">
      <Filter>Source Files</Filter>
    </ClCompile>
    <ClCompile Include="Source\ElementStatic.cpp">
      <Filter>Source Files</Filter>
    </ClCompile>
    <ClCompile Include="Source\ElementString.cpp">
      <Filter>Source Files</Filter>
    </ClCompile>
    <ClCompile Include="Source\ElementStringComboBox.cpp">
      <Filter>Source Files</Filter>
    </ClCompile>
    <ClCompile Include="Source\EthernetMultiIOControllerOpticsFoundry.cpp">
      <Filter>Source Files</Filter>
    </ClCompile>
    <ClCompile Include="Source\EvaporationSweep.cpp">
      <Filter>Source Files</Filter>
    </ClCompile>
    <ClCompile Include="Source\ExecuteMeasurementDlg.cpp">
      <Filter>Source Files</Filter>
    </ClCompile>
    <ClCompile Include="Source\ExecuteMeasurementDlgContainer.cpp">
      <Filter>Source Files</Filter>
    </ClCompile>
    <ClCompile Include="Source\ExpRamp.cpp">
      <Filter>Source Files</Filter>
    </ClCompile>
    <ClCompile Include="Source\FiberLaser.cpp">
      <Filter>Source Files</Filter>
    </ClCompile>
    <ClCompile Include="Source\FlatToolTipCtrl.cpp">
      <Filter>Source Files</Filter>
    </ClCompile>
    <ClCompile Include="Source\FluoLoadingDialog.cpp">
      <Filter>Source Files</Filter>
    </ClCompile>
    <ClCompile Include="Source\GPIB.cpp">
      <Filter>Source Files</Filter>
    </ClCompile>
    <ClCompile Include="Source\GPIBDevice.cpp">
      <Filter>Source Files</Filter>
    </ClCompile>
    <ClCompile Include="Source\Grid2DWaveform.cpp">
      <Filter>Source Files</Filter>
    </ClCompile>
    <ClCompile Include="Source\HP5334A.cpp">
      <Filter>Source Files</Filter>
    </ClCompile>
    <ClCompile Include="Source\IO.cpp">
      <Filter>Source Files</Filter>
    </ClCompile>
    <ClCompile Include="Source\IOList.cpp">
      <Filter>Source Files</Filter>
    </ClCompile>
    <ClCompile Include="Source\IORegister.cpp">
      <Filter>Source Files</Filter>
    </ClCompile>
    <ClCompile Include="Source\IPGLaser.cpp">
      <Filter>Source Files</Filter>
    </ClCompile>
    <ClCompile Include="Source\Keithley2000.cpp">
      <Filter>Source Files</Filter>
    </ClCompile>
    <ClCompile Include="Source\Linear.cpp">
      <Filter>Source Files</Filter>
    </ClCompile>
    <ClCompile Include="Source\lstnsock.cpp">
      <Filter>Source Files</Filter>
    </ClCompile>
    <ClCompile Include="Source\MainDialog.cpp">
      <Filter>Source Files</Filter>
    </ClCompile>
    <ClCompile Include="Source\Measurement.cpp">
      <Filter>Source Files</Filter>
    </ClCompile>
    <ClCompile Include="Source\MeasurementList.cpp">
      <Filter>Source Files</Filter>
    </ClCompile>
    <ClCompile Include="Source\MeasurementPoint.cpp">
      <Filter>Source Files</Filter>
    </ClCompile>
    <ClCompile Include="Source\MeasurementQueue.cpp">
      <Filter>Source Files</Filter>
    </ClCompile>
    <ClCompile Include="Source\MenuButton.cpp">
      <Filter>Source Files</Filter>
    </ClCompile>
    <ClCompile Include="Source\MenuGroupBox.cpp">
      <Filter>Source Files</Filter>
    </ClCompile>
    <ClCompile Include="Source\MenuObList.cpp">
      <Filter>Source Files</Filter>
    </ClCompile>
    <ClCompile Include="Source\MenuObListElement.cpp">
      <Filter>Source Files</Filter>
    </ClCompile>
    <ClCompile Include="Source\MenuStatic.cpp">
      <Filter>Source Files</Filter>
    </ClCompile>
    <ClCompile Include="Source\MenuTitle.cpp">
      <Filter>Source Files</Filter>
    </ClCompile>
    <ClCompile Include="Source\Mesh3D.cpp">
      <Filter>Source Files</Filter>
    </ClCompile>
    <ClCompile Include="Source\MessageReceiver.cpp">
      <Filter>Source Files</Filter>
    </ClCompile>
    <ClCompile Include="Source\MultiIO.cpp">
      <Filter>Source Files</Filter>
    </ClCompile>
    <ClCompile Include="Source\MultiWriteDevice.cpp">
      <Filter>Source Files</Filter>
    </ClCompile>
    <ClCompile Include="Source\NetIO.cpp">
      <Filter>Source Files</Filter>
    </ClCompile>
    <ClCompile Include="Source\Network.cpp">
      <Filter>Source Files</Filter>
    </ClCompile>
    <ClCompile Include="Source\NetworkClient.cpp">
      <Filter>Source Files</Filter>
    </ClCompile>
    <ClCompile Include="Source\NetworkServer.cpp">
      <Filter>Source Files</Filter>
    </ClCompile>
    <ClCompile Include="Source\NI6024E.cpp">
      <Filter>Source Files</Filter>
    </ClCompile>
    <ClCompile Include="Source\NI653x.cpp">
      <Filter>Source Files</Filter>
    </ClCompile>
    <ClCompile Include="Source\Sequence_ManualUserIO.cpp">
      <Filter>Source Files</Filter>
    </ClCompile>
    <ClCompile Include="Source\SequencerAbstract.cpp">
      <Filter>Source Files</Filter>
    </ClCompile>
    <ClCompile Include="Source\NI67x3.cpp">
      <Filter>Source Files</Filter>
    </ClCompile>
    <ClCompile Include="Source\OmegaiSeries.cpp">
      <Filter>Source Files</Filter>
    </ClCompile>
    <ClCompile Include="Source\Output.cpp">
      <Filter>Source Files</Filter>
    </ClCompile>
    <ClCompile Include="Source\OvenControl.cpp">
      <Filter>Source Files</Filter>
    </ClCompile>
    <ClCompile Include="Source\ParabolicRamp.cpp">
      <Filter>Source Files</Filter>
    </ClCompile>
    <ClCompile Include="Source\ParallelPort.cpp">
      <Filter>Source Files</Filter>
    </ClCompile>
    <ClCompile Include="Source\Param.cpp">
      <Filter>Source Files</Filter>
    </ClCompile>
    <ClCompile Include="Source\ParamBool.cpp">
      <Filter>Source Files</Filter>
    </ClCompile>
    <ClCompile Include="Source\ParamDouble.cpp">
      <Filter>Source Files</Filter>
    </ClCompile>
    <ClCompile Include="Source\ParameterDialog.cpp">
      <Filter>Source Files</Filter>
    </ClCompile>
    <ClCompile Include="Source\ParamInt.cpp">
      <Filter>Source Files</Filter>
    </ClCompile>
    <ClCompile Include="Source\ParamList.cpp">
      <Filter>Source Files</Filter>
    </ClCompile>
    <ClCompile Include="Source\ParamRegister.cpp">
      <Filter>Source Files</Filter>
    </ClCompile>
    <ClCompile Include="Source\ParamString.cpp">
      <Filter>Source Files</Filter>
    </ClCompile>
    <ClCompile Include="Source\ParamStringComboBox.cpp">
      <Filter>Source Files</Filter>
    </ClCompile>
    <ClCompile Include="Source\PixelFont.cpp">
      <Filter>Source Files</Filter>
    </ClCompile>
    <ClCompile Include="Source\Polynom.cpp">
      <Filter>Source Files</Filter>
    </ClCompile>
    <ClCompile Include="Source\Pulse.cpp">
      <Filter>Source Files</Filter>
    </ClCompile>
    <ClCompile Include="Source\Ramp.cpp">
      <Filter>Source Files</Filter>
    </ClCompile>
    <ClCompile Include="Source\RampdBLinear.cpp">
      <Filter>Source Files</Filter>
    </ClCompile>
    <ClCompile Include="Source\RangeCheck.cpp">
      <Filter>Source Files</Filter>
    </ClCompile>
    <ClCompile Include="Source\Rectangle.cpp">
      <Filter>Source Files</Filter>
    </ClCompile>
    <ClCompile Include="Source\RemoteControl.cpp">
      <Filter>Source Files</Filter>
    </ClCompile>
    <ClCompile Include="Source\RSSML0x.cpp">
      <Filter>Source Files</Filter>
    </ClCompile>
    <ClCompile Include="Source\RunProgressDlg.cpp">
      <Filter>Source Files</Filter>
    </ClCompile>
    <ClCompile Include="Source\Sequence_Main.cpp">
      <Filter>Source Files</Filter>
    </ClCompile>
    <ClCompile Include="Source\SequenceLib.cpp">
      <Filter>Source Files</Filter>
    </ClCompile>
    <ClCompile Include="Source\SequenceList.cpp">
      <Filter>Source Files</Filter>
    </ClCompile>
    <ClCompile Include="Source\SequenceListAnalogOut.cpp">
      <Filter>Source Files</Filter>
    </ClCompile>
    <ClCompile Include="Source\SequenceListComment.cpp">
      <Filter>Source Files</Filter>
    </ClCompile>
    <ClCompile Include="Source\SequenceListDigitalOut.cpp">
      <Filter>Source Files</Filter>
    </ClCompile>
    <ClCompile Include="Source\SequenceListMultiWriteDeviceValue.cpp">
      <Filter>Source Files</Filter>
    </ClCompile>
    <ClCompile Include="Source\SequenceListPoint.cpp">
      <Filter>Source Files</Filter>
    </ClCompile>
    <ClCompile Include="Source\SequenceListRemoveWaveformGroup.cpp">
      <Filter>Source Files</Filter>
    </ClCompile>
    <ClCompile Include="Source\SequenceListStoreOrRecallValue.cpp">
      <Filter>Source Files</Filter>
    </ClCompile>
    <ClCompile Include="Source\SequenceListSyncCommand.cpp">
      <Filter>Source Files</Filter>
    </ClCompile>
    <ClCompile Include="Source\SequenceListWaitTillEndOfWaveformGroup.cpp">
      <Filter>Source Files</Filter>
    </ClCompile>
    <ClCompile Include="Source\SequenceListWaveform.cpp">
      <Filter>Source Files</Filter>
    </ClCompile>
    <ClCompile Include="Source\SequenceListWaveformData.cpp">
      <Filter>Source Files</Filter>
    </ClCompile>
    <ClCompile Include="Source\SequencerEthernetOpticsFoundry.cpp">
      <Filter>Source Files</Filter>
    </ClCompile>
    <ClCompile Include="Source\Sequence_StandardUtilities.cpp">
      <Filter>Source Files</Filter>
    </ClCompile>
    <ClCompile Include="Source\Sequence_Utilities.cpp">
      <Filter>Source Files</Filter>
    </ClCompile>
    <ClCompile Include="Source\Serial.cpp">
      <Filter>Source Files</Filter>
    </ClCompile>
    <ClCompile Include="Source\SerialDevice.cpp">
      <Filter>Source Files</Filter>
    </ClCompile>
    <ClCompile Include="Source\SimpleColorButton.cpp">
      <Filter>Source Files</Filter>
    </ClCompile>
    <ClCompile Include="Source\Sin.cpp">
      <Filter>Source Files</Filter>
    </ClCompile>
    <ClCompile Include="Source\SineRamp.cpp">
      <Filter>Source Files</Filter>
    </ClCompile>
    <ClCompile Include="Source\SingleWaveform.cpp">
      <Filter>Source Files</Filter>
    </ClCompile>
    <ClCompile Include="Source\SlaveIO.cpp">
      <Filter>Source Files</Filter>
    </ClCompile>
    <ClCompile Include="Source\SlaveIOList.cpp">
      <Filter>Source Files</Filter>
    </ClCompile>
    <ClCompile Include="Source\SlaveMainDialog.cpp">
      <Filter>Source Files</Filter>
    </ClCompile>
    <ClCompile Include="Source\SlaveServer.cpp">
      <Filter>Source Files</Filter>
    </ClCompile>
    <ClCompile Include="Source\Square.cpp">
      <Filter>Source Files</Filter>
    </ClCompile>
    <ClCompile Include="Source\SRS345.cpp">
      <Filter>Source Files</Filter>
    </ClCompile>
    <ClCompile Include="Source\StaticHelp.cpp">
      <Filter>Source Files</Filter>
    </ClCompile>
    <ClCompile Include="Source\StdAfx.cpp">
      <Filter>Source Files</Filter>
    </ClCompile>
    <ClCompile Include="Source\StepwiseLinearCalibration.cpp">
      <Filter>Source Files</Filter>
    </ClCompile>
    <ClCompile Include="Source\StepwiseLinearRamp.cpp">
      <Filter>Source Files</Filter>
    </ClCompile>
    <ClCompile Include="Source\SyncCommand.cpp">
      <Filter>Source Files</Filter>
    </ClCompile>
    <ClCompile Include="Source\SystemParamList.cpp">
      <Filter>Source Files</Filter>
    </ClCompile>
    <ClCompile Include="Source\TektronixAWG5105.cpp">
      <Filter>Source Files</Filter>
    </ClCompile>
    <ClCompile Include="Source\TektronixTDS524A.cpp">
      <Filter>Source Files</Filter>
    </ClCompile>
    <ClCompile Include="Source\theme.cpp">
      <Filter>Source Files</Filter>
    </ClCompile>
    <ClCompile Include="Source\TimeStretch.cpp">
      <Filter>Source Files</Filter>
    </ClCompile>
    <ClCompile Include="Source\TweezerRamp.cpp">
      <Filter>Source Files</Filter>
    </ClCompile>
    <ClCompile Include="Source\UniMess.cpp">
      <Filter>Source Files</Filter>
    </ClCompile>
    <ClCompile Include="Source\UniMessList.cpp">
      <Filter>Source Files</Filter>
    </ClCompile>
    <ClCompile Include="Source\USBMultiIO.cpp">
      <Filter>Source Files</Filter>
    </ClCompile>
    <ClCompile Include="Source\utilities.cpp">
      <Filter>Source Files</Filter>
    </ClCompile>
    <ClCompile Include="Source\UtilityDialog.cpp">
      <Filter>Source Files</Filter>
    </ClCompile>
    <ClCompile Include="Source\VCOCalibration.cpp">
      <Filter>Source Files</Filter>
    </ClCompile>
    <ClCompile Include="Source\VerdiLaser.cpp">
      <Filter>Source Files</Filter>
    </ClCompile>
    <ClCompile Include="Source\Vision.cpp">
      <Filter>Source Files</Filter>
    </ClCompile>
    <ClCompile Include="Source\Waveform.cpp">
      <Filter>Source Files</Filter>
    </ClCompile>
    <ClCompile Include="Source\WaveformGenerator.cpp">
      <Filter>Source Files</Filter>
    </ClCompile>
    <ClCompile Include="Source\SlaveWaveform.cpp">
      <Filter>Source Files</Filter>
    </ClCompile>
    <ClCompile Include="Source\CosineRamp.cpp">
      <Filter>Source Files</Filter>
    </ClCompile>
    <ClCompile Include="Source\SequenceListWaitTillBusBufferEmpty.cpp">
      <Filter>Source Files</Filter>
    </ClCompile>
  </ItemGroup>
  <ItemGroup>
    <ResourceCompile Include="Source\Control.rc">
      <Filter>Source Files</Filter>
    </ResourceCompile>
  </ItemGroup>
  <ItemGroup>
    <ClInclude Include="Source\AD9852.h">
      <Filter>Header Files</Filter>
    </ClInclude>
    <ClInclude Include="Source\AD9858.h">
      <Filter>Header Files</Filter>
    </ClInclude>
    <ClInclude Include="Source\AD9958.h">
      <Filter>Header Files</Filter>
    </ClInclude>
    <ClInclude Include="Source\ADF4351.h">
      <Filter>Header Files</Filter>
    </ClInclude>
    <ClInclude Include="Source\Agilent33250A.h">
      <Filter>Header Files</Filter>
    </ClInclude>
    <ClInclude Include="Source\Agilent33250ASerial.h">
      <Filter>Header Files</Filter>
    </ClInclude>
    <ClInclude Include="Source\AnaIn.h">
      <Filter>Header Files</Filter>
    </ClInclude>
    <ClInclude Include="Source\AnalogOut.h">
      <Filter>Header Files</Filter>
    </ClInclude>
    <ClInclude Include="Source\AnaOut.h">
      <Filter>Header Files</Filter>
    </ClInclude>
    <ClInclude Include="Source\CHardwareConfig.h">
      <Filter>Header Files</Filter>
    </ClInclude>
    <ClInclude Include="Source\CoilDriverTorun100A.h">
      <Filter>Header Files</Filter>
    </ClInclude>
    <ClInclude Include="Source\CoilDriverTorun3x3A.h">
      <Filter>Header Files</Filter>
    </ClInclude>
    <ClInclude Include="Source\ControlAPI.h">
      <Filter>Header Files</Filter>
    </ClInclude>
    <ClInclude Include="Source\BlackmanPulse.h">
      <Filter>Header Files</Filter>
    </ClInclude>
    <ClInclude Include="Source\burleighWA1000.h">
      <Filter>Header Files</Filter>
    </ClInclude>
    <ClInclude Include="Source\Calibration.h">
      <Filter>Header Files</Filter>
    </ClInclude>
    <ClInclude Include="Source\ChannelReservationList.h">
      <Filter>Header Files</Filter>
    </ClInclude>
    <ClInclude Include="Source\ChannelReservationListPoint.h">
      <Filter>Header Files</Filter>
    </ClInclude>
    <ClInclude Include="Source\ClientSocketUser.h">
      <Filter>Header Files</Filter>
    </ClInclude>
    <ClInclude Include="Source\clntsock.h">
      <Filter>Header Files</Filter>
    </ClInclude>
    <ClInclude Include="Source\color.h">
      <Filter>Header Files</Filter>
    </ClInclude>
    <ClInclude Include="Source\ColorControl.h">
      <Filter>Header Files</Filter>
    </ClInclude>
    <ClInclude Include="Source\ConsecutiveCalibration.h">
      <Filter>Header Files</Filter>
    </ClInclude>
    <ClInclude Include="Source\Control.h">
      <Filter>Header Files</Filter>
    </ClInclude>
    <ClInclude Include="Source\CosineRamp.h">
      <Filter>Header Files</Filter>
    </ClInclude>
    <ClInclude Include="Source\CosineSquareRamp.h">
      <Filter>Header Files</Filter>
    </ClInclude>
    <ClInclude Include="Source\CTimestamp.h">
      <Filter>Header Files</Filter>
    </ClInclude>
    <ClInclude Include="Source\CUserIOConfig.h">
      <Filter>Header Files</Filter>
    </ClInclude>
    <ClInclude Include="Source\DDSCalibration.h">
      <Filter>Header Files</Filter>
    </ClInclude>
    <ClInclude Include="Source\DelayedWaveform.h">
      <Filter>Header Files</Filter>
    </ClInclude>
    <ClInclude Include="Source\DialogElement.h">
      <Filter>Header Files</Filter>
    </ClInclude>
    <ClInclude Include="Source\DigIn.h">
      <Filter>Header Files</Filter>
    </ClInclude>
    <ClInclude Include="Source\DigitalOut.h">
      <Filter>Header Files</Filter>
    </ClInclude>
    <ClInclude Include="Source\DigOut.h">
      <Filter>Header Files</Filter>
    </ClInclude>
    <ClInclude Include="Source\DoublePoint.h">
      <Filter>Header Files</Filter>
    </ClInclude>
    <ClInclude Include="Source\EasyDialog.h">
      <Filter>Header Files</Filter>
    </ClInclude>
    <ClInclude Include="Source\EIP548A.h">
      <Filter>Header Files</Filter>
    </ClInclude>
    <ClInclude Include="Source\ElementAnalogOut.h">
      <Filter>Header Files</Filter>
    </ClInclude>
    <ClInclude Include="Source\ElementBool.h">
      <Filter>Header Files</Filter>
    </ClInclude>
    <ClInclude Include="Source\ElementButton.h">
      <Filter>Header Files</Filter>
    </ClInclude>
    <ClInclude Include="Source\ElementDigitalOut.h">
      <Filter>Header Files</Filter>
    </ClInclude>
    <ClInclude Include="Source\ElementDouble.h">
      <Filter>Header Files</Filter>
    </ClInclude>
    <ClInclude Include="Source\ElementGroupBox.h">
      <Filter>Header Files</Filter>
    </ClInclude>
    <ClInclude Include="Source\ElementInt.h">
      <Filter>Header Files</Filter>
    </ClInclude>
    <ClInclude Include="Source\ElementStatic.h">
      <Filter>Header Files</Filter>
    </ClInclude>
    <ClInclude Include="Source\ElementString.h">
      <Filter>Header Files</Filter>
    </ClInclude>
    <ClInclude Include="Source\ElementStringComboBox.h">
      <Filter>Header Files</Filter>
    </ClInclude>
    <ClInclude Include="Source\EthernetMultiIOController.h">
      <Filter>Header Files</Filter>
    </ClInclude>
    <ClInclude Include="Source\EthernetMultiIOControllerOpticsFoundry.h">
      <Filter>Header Files</Filter>
    </ClInclude>
    <ClInclude Include="Source\EvaporationSweep.h">
      <Filter>Header Files</Filter>
    </ClInclude>
    <ClInclude Include="Source\ExecuteMeasurementDlg.h">
      <Filter>Header Files</Filter>
    </ClInclude>
    <ClInclude Include="Source\ExecuteMeasurementDlgContainer.h">
      <Filter>Header Files</Filter>
    </ClInclude>
    <ClInclude Include="Source\FiberLaser.h">
      <Filter>Header Files</Filter>
    </ClInclude>
    <ClInclude Include="Source\FlatToolTipCtrl.h">
      <Filter>Header Files</Filter>
    </ClInclude>
    <ClInclude Include="Source\FluoLoadingDialog.h">
      <Filter>Header Files</Filter>
    </ClInclude>
    <ClInclude Include="Source\FTD2XX.H">
      <Filter>Header Files</Filter>
    </ClInclude>
    <ClInclude Include="Source\GPIB.h">
      <Filter>Header Files</Filter>
    </ClInclude>
    <ClInclude Include="Source\GPIBDevice.h">
      <Filter>Header Files</Filter>
    </ClInclude>
    <ClInclude Include="Source\Grid2DWaveform.h">
      <Filter>Header Files</Filter>
    </ClInclude>
    <ClInclude Include="Source\HP5334A.h">
      <Filter>Header Files</Filter>
    </ClInclude>
    <ClInclude Include="Source\include\pybind11\pybind11.h">
      <Filter>Header Files</Filter>
    </ClInclude>
    <ClInclude Include="Source\IO.h">
      <Filter>Header Files</Filter>
    </ClInclude>
    <ClInclude Include="Source\IOList.h">
      <Filter>Header Files</Filter>
    </ClInclude>
    <ClInclude Include="Source\IOList_shortcuts_auto_created.h">
      <Filter>Header Files</Filter>
    </ClInclude>
    <ClInclude Include="Source\IORegister.h">
      <Filter>Header Files</Filter>
    </ClInclude>
    <ClInclude Include="Source\IPGLaser.h">
      <Filter>Header Files</Filter>
    </ClInclude>
    <ClInclude Include="Source\json.hpp">
      <Filter>Header Files</Filter>
    </ClInclude>
    <ClInclude Include="Source\Keithley2000.h">
      <Filter>Header Files</Filter>
    </ClInclude>
    <ClInclude Include="Source\LaserLock.h">
      <Filter>Header Files</Filter>
    </ClInclude>
    <ClInclude Include="Source\Linear.h">
      <Filter>Header Files</Filter>
    </ClInclude>
    <ClInclude Include="Source\lstnsock.h">
      <Filter>Header Files</Filter>
    </ClInclude>
    <ClInclude Include="Source\MainDialog.h">
      <Filter>Header Files</Filter>
    </ClInclude>
    <ClInclude Include="Source\Measurement.h">
      <Filter>Header Files</Filter>
    </ClInclude>
    <ClInclude Include="Source\MeasurementList.h">
      <Filter>Header Files</Filter>
    </ClInclude>
    <ClInclude Include="Source\MeasurementPoint.h">
      <Filter>Header Files</Filter>
    </ClInclude>
    <ClInclude Include="Source\MeasurementQueue.h">
      <Filter>Header Files</Filter>
    </ClInclude>
    <ClInclude Include="Source\MenuButton.h">
      <Filter>Header Files</Filter>
    </ClInclude>
    <ClInclude Include="Source\MenuGroupBox.h">
      <Filter>Header Files</Filter>
    </ClInclude>
    <ClInclude Include="Source\MenuObList.h">
      <Filter>Header Files</Filter>
    </ClInclude>
    <ClInclude Include="Source\MenuObListElement.h">
      <Filter>Header Files</Filter>
    </ClInclude>
    <ClInclude Include="Source\MenuStatic.h">
      <Filter>Header Files</Filter>
    </ClInclude>
    <ClInclude Include="Source\MenuTitle.h">
      <Filter>Header Files</Filter>
    </ClInclude>
    <ClInclude Include="Source\Mesh3D.h">
      <Filter>Header Files</Filter>
    </ClInclude>
    <ClInclude Include="Source\MessageReceiver.h">
      <Filter>Header Files</Filter>
    </ClInclude>
    <ClInclude Include="Source\MultiIO.h">
      <Filter>Header Files</Filter>
    </ClInclude>
    <ClInclude Include="Source\MultiWriteDevice.h">
      <Filter>Header Files</Filter>
    </ClInclude>
    <ClInclude Include="Source\MultiWriteDeviceSPI.h">
      <Filter>Header Files</Filter>
    </ClInclude>
    <ClInclude Include="Source\NetIO.h">
      <Filter>Header Files</Filter>
    </ClInclude>
    <ClInclude Include="Source\network.h">
      <Filter>Header Files</Filter>
    </ClInclude>
    <ClInclude Include="Source\NetworkClient.h">
      <Filter>Header Files</Filter>
    </ClInclude>
    <ClInclude Include="Source\NetworkServer.h">
      <Filter>Header Files</Filter>
    </ClInclude>
    <ClInclude Include="Source\NI6024E.h">
      <Filter>Header Files</Filter>
    </ClInclude>
    <ClInclude Include="Source\NI653x.h">
      <Filter>Header Files</Filter>
    </ClInclude>
    <ClInclude Include="Source\ParamList_shortcuts_auto_created.h">
      <Filter>Header Files</Filter>
    </ClInclude>
    <ClInclude Include="Source\SequenceListLambdaFunction.h">
      <Filter>Header Files</Filter>
    </ClInclude>
    <ClInclude Include="Source\SequencerAbstract.h">
      <Filter>Header Files</Filter>
    </ClInclude>
    <ClInclude Include="Source\SequencerEthernetFirefly.h">
      <Filter>Header Files</Filter>
    </ClInclude>
    <ClInclude Include="Source\NI67x3.h">
      <Filter>Header Files</Filter>
    </ClInclude>
    <ClInclude Include="Source\nidaq.h">
      <Filter>Header Files</Filter>
    </ClInclude>
    <ClInclude Include="Source\nidaqmx.h">
      <Filter>Header Files</Filter>
    </ClInclude>
    <ClInclude Include="Source\OmegaiSeries.h">
      <Filter>Header Files</Filter>
    </ClInclude>
    <ClInclude Include="Source\Output.h">
      <Filter>Header Files</Filter>
    </ClInclude>
    <ClInclude Include="Source\OvenControl.h">
      <Filter>Header Files</Filter>
    </ClInclude>
    <ClInclude Include="Source\ParabolicRamp.h">
      <Filter>Header Files</Filter>
    </ClInclude>
    <ClInclude Include="Source\ParallelPort.h">
      <Filter>Header Files</Filter>
    </ClInclude>
    <ClInclude Include="Source\Param.h">
      <Filter>Header Files</Filter>
    </ClInclude>
    <ClInclude Include="Source\ParamBool.h">
      <Filter>Header Files</Filter>
    </ClInclude>
    <ClInclude Include="Source\ParamDouble.h">
      <Filter>Header Files</Filter>
    </ClInclude>
    <ClInclude Include="Source\ParameterDialog.h">
      <Filter>Header Files</Filter>
    </ClInclude>
    <ClInclude Include="Source\Parameters.h">
      <Filter>Header Files</Filter>
    </ClInclude>
    <ClInclude Include="Source\ParamInt.h">
      <Filter>Header Files</Filter>
    </ClInclude>
    <ClInclude Include="Source\ParamList.h">
      <Filter>Header Files</Filter>
    </ClInclude>
    <ClInclude Include="Source\ParamRegister.h">
      <Filter>Header Files</Filter>
    </ClInclude>
    <ClInclude Include="Source\ParamString.h">
      <Filter>Header Files</Filter>
    </ClInclude>
    <ClInclude Include="Source\ParamStringComboBox.h">
      <Filter>Header Files</Filter>
    </ClInclude>
    <ClInclude Include="Source\PixelFont.h">
      <Filter>Header Files</Filter>
    </ClInclude>
    <ClInclude Include="Source\Polynom.h">
      <Filter>Header Files</Filter>
    </ClInclude>
    <ClInclude Include="Source\Pulse.h">
      <Filter>Header Files</Filter>
    </ClInclude>
    <ClInclude Include="Source\Ramp.h">
      <Filter>Header Files</Filter>
    </ClInclude>
    <ClInclude Include="Source\RampdBLinear.h">
      <Filter>Header Files</Filter>
    </ClInclude>
    <ClInclude Include="Source\RangeCheck.h">
      <Filter>Header Files</Filter>
    </ClInclude>
    <ClInclude Include="Source\Rectangle.h">
      <Filter>Header Files</Filter>
    </ClInclude>
    <ClInclude Include="Source\RemoteControl.h">
      <Filter>Header Files</Filter>
    </ClInclude>
    <ClInclude Include="Source\RemoteResetServer.h">
      <Filter>Header Files</Filter>
    </ClInclude>
    <ClInclude Include="Source\Resource.h">
      <Filter>Header Files</Filter>
    </ClInclude>
    <ClInclude Include="Source\RSSML0x.h">
      <Filter>Header Files</Filter>
    </ClInclude>
    <ClInclude Include="Source\RunProgressDlg.h">
      <Filter>Header Files</Filter>
    </ClInclude>
    <ClInclude Include="Source\Sequence.h">
      <Filter>Header Files</Filter>
    </ClInclude>
    <ClInclude Include="Source\SequenceLib.h">
      <Filter>Header Files</Filter>
    </ClInclude>
    <ClInclude Include="Source\SequenceList.h">
      <Filter>Header Files</Filter>
    </ClInclude>
    <ClInclude Include="Source\SequenceListAnalogOut.h">
      <Filter>Header Files</Filter>
    </ClInclude>
    <ClInclude Include="Source\SequenceListComment.h">
      <Filter>Header Files</Filter>
    </ClInclude>
    <ClInclude Include="Source\SequenceListDigitalOut.h">
      <Filter>Header Files</Filter>
    </ClInclude>
    <ClInclude Include="Source\SequenceListMultiWriteDeviceValue.h">
      <Filter>Header Files</Filter>
    </ClInclude>
    <ClInclude Include="Source\SequenceListPoint.h">
      <Filter>Header Files</Filter>
    </ClInclude>
    <ClInclude Include="Source\SequenceListRemoveWaveformGroup.h">
      <Filter>Header Files</Filter>
    </ClInclude>
    <ClInclude Include="Source\SequenceListSequencerCommand.h">
      <Filter>Header Files</Filter>
    </ClInclude>
    <ClInclude Include="Source\SequenceListStoreOrRecallValue.h">
      <Filter>Header Files</Filter>
    </ClInclude>
    <ClInclude Include="Source\SequenceListSyncCommand.h">
      <Filter>Header Files</Filter>
    </ClInclude>
    <ClInclude Include="Source\SequenceListWaitTillBusBufferEmpty.h">
      <Filter>Header Files</Filter>
    </ClInclude>
    <ClInclude Include="Source\SequenceListWaitTillEndOfWaveformGroup.h">
      <Filter>Header Files</Filter>
    </ClInclude>
    <ClInclude Include="Source\SequenceListWaveform.h">
      <Filter>Header Files</Filter>
    </ClInclude>
    <ClInclude Include="Source\SequenceListWaveformData.h">
      <Filter>Header Files</Filter>
    </ClInclude>
    <ClInclude Include="Source\SequencerEthernetOpticsFoundry.h">
      <Filter>Header Files</Filter>
    </ClInclude>
    <ClInclude Include="Source\Serial.h">
      <Filter>Header Files</Filter>
    </ClInclude>
    <ClInclude Include="Source\SerialDevice.h">
      <Filter>Header Files</Filter>
    </ClInclude>
    <ClInclude Include="Source\SimpleColorButton.h">
      <Filter>Header Files</Filter>
    </ClInclude>
    <ClInclude Include="Source\Sin.h">
      <Filter>Header Files</Filter>
    </ClInclude>
    <ClInclude Include="Source\SineRamp.h">
      <Filter>Header Files</Filter>
    </ClInclude>
    <ClInclude Include="Source\SingleWaveform.h">
      <Filter>Header Files</Filter>
    </ClInclude>
    <ClInclude Include="Source\SlaveIO.h">
      <Filter>Header Files</Filter>
    </ClInclude>
    <ClInclude Include="Source\SlaveIOList.h">
      <Filter>Header Files</Filter>
    </ClInclude>
    <ClInclude Include="Source\SlaveMainDialog.h">
      <Filter>Header Files</Filter>
    </ClInclude>
    <ClInclude Include="Source\SlaveServer.h">
      <Filter>Header Files</Filter>
    </ClInclude>
    <ClInclude Include="Source\SlaveWaveform.h">
      <Filter>Header Files</Filter>
    </ClInclude>
    <ClInclude Include="Source\spline.h">
      <Filter>Header Files</Filter>
    </ClInclude>
    <ClInclude Include="Source\Square.h">
      <Filter>Header Files</Filter>
    </ClInclude>
    <ClInclude Include="Source\SRS345.h">
      <Filter>Header Files</Filter>
    </ClInclude>
    <ClInclude Include="Source\StaticHelp.h">
      <Filter>Header Files</Filter>
    </ClInclude>
    <ClInclude Include="Source\StdAfx.h">
      <Filter>Header Files</Filter>
    </ClInclude>
    <ClInclude Include="Source\StepwiseLinearCalibration.h">
      <Filter>Header Files</Filter>
    </ClInclude>
    <ClInclude Include="Source\StepwiseLinearRamp.h">
      <Filter>Header Files</Filter>
    </ClInclude>
    <ClInclude Include="Source\SyncCommand.h">
      <Filter>Header Files</Filter>
    </ClInclude>
    <ClInclude Include="Source\SystemParamList.h">
      <Filter>Header Files</Filter>
    </ClInclude>
    <ClInclude Include="Source\TektronixAWG5105.h">
      <Filter>Header Files</Filter>
    </ClInclude>
    <ClInclude Include="Source\TektronixTDS524A.h">
      <Filter>Header Files</Filter>
    </ClInclude>
    <ClInclude Include="Source\TimeStretch.h">
      <Filter>Header Files</Filter>
    </ClInclude>
    <ClInclude Include="Source\TweezerRamp.h">
      <Filter>Header Files</Filter>
    </ClInclude>
    <ClInclude Include="Source\typedefs.h">
      <Filter>Header Files</Filter>
    </ClInclude>
    <ClInclude Include="Source\UniMess.h">
      <Filter>Header Files</Filter>
    </ClInclude>
    <ClInclude Include="Source\UniMessList.h">
      <Filter>Header Files</Filter>
    </ClInclude>
    <ClInclude Include="Source\USBMultiIO.h">
      <Filter>Header Files</Filter>
    </ClInclude>
    <ClInclude Include="Source\utilities.h">
      <Filter>Header Files</Filter>
    </ClInclude>
    <ClInclude Include="Source\UtilityDialog.h">
      <Filter>Header Files</Filter>
    </ClInclude>
    <ClInclude Include="Source\VCOCalibration.h">
      <Filter>Header Files</Filter>
    </ClInclude>
    <ClInclude Include="Source\VerdiLaser.h">
      <Filter>Header Files</Filter>
    </ClInclude>
    <ClInclude Include="Source\Vision.h">
      <Filter>Header Files</Filter>
    </ClInclude>
    <ClInclude Include="Source\Waveform.h">
      <Filter>Header Files</Filter>
    </ClInclude>
    <ClInclude Include="Source\WaveformGenerator.h">
      <Filter>Header Files</Filter>
    </ClInclude>
    <ClInclude Include="Source\theme.h">
      <Filter>Header Files</Filter>
    </ClInclude>
    <ClInclude Include="EnterWindowsCriticalPriorityMode.h">
      <Filter>Header Files</Filter>
    </ClInclude>
  </ItemGroup>
  <ItemGroup>
    <None Include="resource.hm">
      <Filter>Header Files</Filter>
    </None>
    <None Include="res\bitmap1.bmp">
      <Filter>Resource Files</Filter>
    </None>
    <None Include="res\BitmapBlack.bmp">
      <Filter>Resource Files</Filter>
    </None>
    <None Include="res\BitmapBlue.bmp">
      <Filter>Resource Files</Filter>
    </None>
    <None Include="res\BitmapGray.bmp">
      <Filter>Resource Files</Filter>
    </None>
    <None Include="res\BitmapGreen.bmp">
      <Filter>Resource Files</Filter>
    </None>
    <None Include="res\BitmapLightGray.bmp">
      <Filter>Resource Files</Filter>
    </None>
    <None Include="res\BitmapOrange.bmp">
      <Filter>Resource Files</Filter>
    </None>
    <None Include="res\BitmapWhite.bmp">
      <Filter>Resource Files</Filter>
    </None>
    <None Include="res\BitmapYellow.bmp">
      <Filter>Resource Files</Filter>
    </None>
    <None Include="res\Control.ico">
      <Filter>Resource Files</Filter>
    </None>
    <None Include="res\Control.rc2">
      <Filter>Resource Files</Filter>
    </None>
    <None Include="res\ControlDoc.ico">
      <Filter>Resource Files</Filter>
    </None>
    <None Include="res\Toolbar.bmp">
      <Filter>Resource Files</Filter>
    </None>
    <None Include="FluoLoadingDialog.htm" />
    <None Include="ClassDiagram1.cd" />
    <None Include="ConfigParams\ControlHardwareConfig.json" />
    <None Include=".gitignore" />
    <None Include="Source\FluoLoadingDialog.htm" />
    <None Include="ConfigParams\ControlUserIOConfigFileCreator.py" />
    <None Include="ConfigParams\ControlHardwareConfigFileCreator.py" />
  </ItemGroup>
  <ItemGroup>
    <Text Include="AddressUsageTable.txt" />
    <Text Include="ConfigParams\ControlParam_SystemParamList.txt" />
  </ItemGroup>
  <ItemGroup>
    <Image Include="Source\res\icon1.ico">
      <Filter>Resource Files</Filter>
    </Image>
    <Image Include="Source\res\Control.ico">
      <Filter>Resource Files</Filter>
    </Image>
    <Image Include="Source\res\ControlDoc.ico">
      <Filter>Resource Files</Filter>
    </Image>
    <Image Include="Source\res\Toolbar.bmp">
      <Filter>Resource Files</Filter>
    </Image>
    <Image Include="Source\res\bitmap1.bmp">
      <Filter>Resource Files</Filter>
    </Image>
    <Image Include="Source\res\BitmapGreen.bmp">
      <Filter>Resource Files</Filter>
    </Image>
    <Image Include="Source\res\BitmapBlue.bmp">
      <Filter>Resource Files</Filter>
    </Image>
    <Image Include="Source\res\BitmapWhite.bmp">
      <Filter>Resource Files</Filter>
    </Image>
    <Image Include="Source\res\BitmapLightGray.bmp">
      <Filter>Resource Files</Filter>
    </Image>
    <Image Include="Source\res\BitmapYellow.bmp">
      <Filter>Resource Files</Filter>
    </Image>
    <Image Include="Source\res\BitmapGray.bmp">
      <Filter>Resource Files</Filter>
    </Image>
    <Image Include="Source\res\BitmapBlack.bmp">
      <Filter>Resource Files</Filter>
    </Image>
    <Image Include="Source\res\BitmapOrange.bmp">
      <Filter>Resource Files</Filter>
    </Image>
    <Image Include="C:\Users\fschrec1\Downloads\icon.ico">
      <Filter>Resource Files</Filter>
    </Image>
    <Image Include="res\mainicon.ico">
      <Filter>Resource Files</Filter>
    </Image>
    <Image Include="Source\res\mainicon.ico">
      <Filter>Resource Files</Filter>
    </Image>
  </ItemGroup>
</Project>